{
  "object": {
    "pins": [
      {
        "package": "AFNetworking",
        "repositoryURL": "https://gitee.com/mirrors/AFNetworking",
        "state": {
          "branch": null,
          "revision": "ffae2391ab0c29dc88eb0a58d2f5b2c2c27cadbf",
          "version": "4.0.1"
        }
      },
      {
        "package": "BFKit",
        "repositoryURL": "https://gitee.com/wemu/BFKit-Swift.git",
        "state": {
          "branch": null,
          "revision": "c8a6f1584a6955387bd236581a127a55e8a4d6c1",
          "version": "6.0.1"
        }
      },
      {
        "package": "SwiftUICharts",
        "repositoryURL": "https://gitee.com/wemu/ChartView.git",
        "state": {
          "branch": null,
          "revision": "4699847a9ac0c694666cea3acef133498952566e",
          "version": "1.5.4"
        }
      },
      {
        "package": "Kingfisher",
        "repositoryURL": "https://gitee.com/unotseeme/Kingfisher.git",
        "state": {
          "branch": null,
          "revision": "81dd1ce8401137637663046c7314e7c885bcc56d",
          "version": "6.1.1"
        }
      },
      {
        "package": "LLCycleScrollView",
        "repositoryURL": "https://gitee.com/wemu/LLCycleScrollView.git",
        "state": {
          "branch": "master",
          "revision": "00508320513470a2bc733c939b5854c374db6496",
          "version": null
        }
      },
      {
        "package": "Parchment",
        "repositoryURL": "https://gitee.com/wemu/Parchment",
        "state": {
          "branch": null,
          "revision": "2b1a370e71480cb1a95dd56ef8bddc2e0a45e033",
          "version": "3.1.0"
        }
      },
      {
        "package": "SwiftyJSON",
        "repositoryURL": "https://gitee.com/wemu/SwiftyJSON.git",
        "state": {
          "branch": null,
          "revision": "2b6054efa051565954e1d2b9da831680026cd768",
          "version": "5.0.0"
        }
      }
    ]
  },
  "version": 1
}
